
Microsoft Visual Studio Solution File, Format Version 12.00
# Visual Studio Version 16
VisualStudioVersion = 16.0.31424.327
MinimumVisualStudioVersion = 10.0.40219.1
Project("{FAE04EC0-301F-11D3-BF4B-00C04F79EFBC}") = "Secondbot-windows-tray", "Secondbot-windows-tray.csproj", "{BDCC9365-5CB3-43F9-B36E-3CA6F900E498}"
EndProject
Global
	GlobalSection(SolutionConfigurationPlatforms) = preSolution
		Debug|Any CPU = Debug|Any CPU
		Release|Any CPU = Release|Any CPU
	EndGlobalSection
	GlobalSection(ProjectConfigurationPlatforms) = postSolution
		{BDCC9365-5CB3-43F9-B36E-3CA6F900E498}.Debug|Any CPU.ActiveCfg = Debug|Any CPU
		{BDCC9365-5CB3-43F9-B36E-3CA6F900E498}.Debug|Any CPU.Build.0 = Debug|Any CPU
		{BDCC9365-5CB3-43F9-B36E-3CA6F900E498}.Release|Any CPU.ActiveCfg = Release|Any CPU
		{BDCC9365-5CB3-43F9-B36E-3CA6F900E498}.Release|Any CPU.Build.0 = Release|Any CPU
	EndGlobalSection
	GlobalSection(SolutionProperties) = preSolution
		HideSolutionNode = FALSE
	EndGlobalSection
	GlobalSection(ExtensibilityGlobals) = postSolution
		SolutionGuid = {21B38B7E-DB64-41BF-BBDE-8BBD8140BB3C}
	EndGlobalSection
EndGlobal
